
Microsoft Visual Studio Solution File, Format Version 12.00
# Visual Studio 14
VisualStudioVersion = 14.0.25420.1
MinimumVisualStudioVersion = 10.0.40219.1
Project("{FAE04EC0-301F-11D3-BF4B-00C04F79EFBC}") = "NetDisk", "NetDisk\NetDisk.csproj", "{74ECA1BF-6508-417D-BC57-DB00DAECA618}"
EndProject
Project("{FAE04EC0-301F-11D3-BF4B-00C04F79EFBC}") = "Test", "Test\Test.csproj", "{895C925B-58C5-42E5-B8B2-37A8EBB19823}"
EndProject
Project("{FAE04EC0-301F-11D3-BF4B-00C04F79EFBC}") = "Downloader", "Downloader\Downloader.csproj", "{799C6C77-79D2-48EA-A56D-912EEC46B138}"
EndProject
Project("{FAE04EC0-301F-11D3-BF4B-00C04F79EFBC}") = "GoodSamaritan", "GoodSamaritan\GoodSamaritan.csproj", "{58FA2E94-9F03-4B01-A9DE-CD585D1F1040}"
EndProject
Global
	GlobalSection(SolutionConfigurationPlatforms) = preSolution
		Debug|Any CPU = Debug|Any CPU
		Release|Any CPU = Release|Any CPU
	EndGlobalSection
	GlobalSection(ProjectConfigurationPlatforms) = postSolution
		{74ECA1BF-6508-417D-BC57-DB00DAECA618}.Debug|Any CPU.ActiveCfg = Debug|Any CPU
		{74ECA1BF-6508-417D-BC57-DB00DAECA618}.Debug|Any CPU.Build.0 = Debug|Any CPU
		{74ECA1BF-6508-417D-BC57-DB00DAECA618}.Release|Any CPU.ActiveCfg = Release|Any CPU
		{74ECA1BF-6508-417D-BC57-DB00DAECA618}.Release|Any CPU.Build.0 = Release|Any CPU
		{895C925B-58C5-42E5-B8B2-37A8EBB19823}.Debug|Any CPU.ActiveCfg = Debug|Any CPU
		{895C925B-58C5-42E5-B8B2-37A8EBB19823}.Debug|Any CPU.Build.0 = Debug|Any CPU
		{895C925B-58C5-42E5-B8B2-37A8EBB19823}.Release|Any CPU.ActiveCfg = Release|Any CPU
		{895C925B-58C5-42E5-B8B2-37A8EBB19823}.Release|Any CPU.Build.0 = Release|Any CPU
		{799C6C77-79D2-48EA-A56D-912EEC46B138}.Debug|Any CPU.ActiveCfg = Debug|Any CPU
		{799C6C77-79D2-48EA-A56D-912EEC46B138}.Debug|Any CPU.Build.0 = Debug|Any CPU
		{799C6C77-79D2-48EA-A56D-912EEC46B138}.Release|Any CPU.ActiveCfg = Release|Any CPU
		{799C6C77-79D2-48EA-A56D-912EEC46B138}.Release|Any CPU.Build.0 = Release|Any CPU
		{58FA2E94-9F03-4B01-A9DE-CD585D1F1040}.Debug|Any CPU.ActiveCfg = Debug|Any CPU
		{58FA2E94-9F03-4B01-A9DE-CD585D1F1040}.Debug|Any CPU.Build.0 = Debug|Any CPU
		{58FA2E94-9F03-4B01-A9DE-CD585D1F1040}.Release|Any CPU.ActiveCfg = Release|Any CPU
		{58FA2E94-9F03-4B01-A9DE-CD585D1F1040}.Release|Any CPU.Build.0 = Release|Any CPU
	EndGlobalSection
	GlobalSection(SolutionProperties) = preSolution
		HideSolutionNode = FALSE
	EndGlobalSection
EndGlobal
